{
    "_readme": [
        "This file locks the dependencies of your project to a known state",
        "Read more about it at https://getcomposer.org/doc/01-basic-usage.md#composer-lock-the-lock-file",
        "This file is @generated automatically"
    ],
    "hash": "d9b519927f66120de90916354516a5d1",
    "content-hash": "c494eb34e7eb68440be459c483dbd792",
    "packages": [
        {
            "name": "firebase/php-jwt",
            "version": "v3.0.0",
            "source": {
                "type": "git",
                "url": "https://github.com/firebase/php-jwt.git",
                "reference": "fa8a06e96526eb7c0eeaa47e4f39be59d21f16e1"
            },
            "dist": {
                "type": "zip",
                "url": "https://api.github.com/repos/firebase/php-jwt/zipball/fa8a06e96526eb7c0eeaa47e4f39be59d21f16e1",
                "reference": "fa8a06e96526eb7c0eeaa47e4f39be59d21f16e1",
                "shasum": ""
            },
            "require": {
                "php": ">=5.3.0"
            },
            "type": "library",
            "autoload": {
                "psr-4": {
                    "Firebase\\JWT\\": "src"
                }
            },
            "notification-url": "https://packagist.org/downloads/",
            "license": [
                "BSD-3-Clause"
            ],
            "authors": [
                {
                    "name": "Neuman Vong",
                    "email": "neuman+pear@twilio.com",
                    "role": "Developer"
                },
                {
                    "name": "Anant Narayanan",
                    "email": "anant@php.net",
                    "role": "Developer"
                }
            ],
            "description": "A simple library to encode and decode JSON Web Tokens (JWT) in PHP. Should conform to the current spec.",
            "homepage": "https://github.com/firebase/php-jwt",
            "time": "2015-07-22 18:31:08"
        },
        {
            "name": "ircmaxell/password-compat",
            "version": "v1.0.4",
            "source": {
                "type": "git",
                "url": "https://github.com/ircmaxell/password_compat.git",
                "reference": "5c5cde8822a69545767f7c7f3058cb15ff84614c"
            },
            "dist": {
                "type": "zip",
                "url": "https://api.github.com/repos/ircmaxell/password_compat/zipball/5c5cde8822a69545767f7c7f3058cb15ff84614c",
                "reference": "5c5cde8822a69545767f7c7f3058cb15ff84614c",
                "shasum": ""
            },
            "require-dev": {
                "phpunit/phpunit": "4.*"
            },
            "type": "library",
            "autoload": {
                "files": [
                    "lib/password.php"
                ]
            },
            "notification-url": "https://packagist.org/downloads/",
            "license": [
                "MIT"
            ],
            "authors": [
                {
                    "name": "Anthony Ferrara",
                    "email": "ircmaxell@php.net",
                    "homepage": "http://blog.ircmaxell.com"
                }
            ],
            "description": "A compatibility library for the proposed simplified password hashing algorithm: https://wiki.php.net/rfc/password_hash",
            "homepage": "https://github.com/ircmaxell/password_compat",
            "keywords": [
                "hashing",
                "password"
            ],
            "time": "2014-11-20 16:49:30"
        },
        {
            "name": "ircmaxell/random-lib",
            "version": "v1.1.0",
            "source": {
                "type": "git",
                "url": "https://github.com/ircmaxell/RandomLib.git",
                "reference": "13efa4368bb2ac88bb3b1459b487d907de4dbf7c"
            },
            "dist": {
                "type": "zip",
                "url": "https://api.github.com/repos/ircmaxell/RandomLib/zipball/13efa4368bb2ac88bb3b1459b487d907de4dbf7c",
                "reference": "13efa4368bb2ac88bb3b1459b487d907de4dbf7c",
                "shasum": ""
            },
            "require": {
                "ircmaxell/security-lib": "1.0.*@dev",
                "php": ">=5.3.2"
            },
            "require-dev": {
                "mikey179/vfsstream": "1.1.*",
                "phpunit/phpunit": "3.7.*"
            },
            "type": "library",
            "extra": {
                "branch-alias": {
                    "dev-master": "1.0.x-dev"
                }
            },
            "autoload": {
                "psr-0": {
                    "RandomLib": "lib"
                }
            },
            "notification-url": "https://packagist.org/downloads/",
            "license": [
                "MIT"
            ],
            "authors": [
                {
                    "name": "Anthony Ferrara",
                    "email": "ircmaxell@ircmaxell.com",
                    "homepage": "http://blog.ircmaxell.com"
                }
            ],
            "description": "A Library For Generating Secure Random Numbers",
            "homepage": "https://github.com/ircmaxell/RandomLib",
            "keywords": [
                "cryptography",
                "random",
                "random-numbers",
                "random-strings"
            ],
            "time": "2015-01-15 16:31:45"
        },
        {
            "name": "ircmaxell/security-lib",
            "version": "1.0.0",
            "source": {
                "type": "git",
                "url": "https://github.com/ircmaxell/SecurityLib.git",
                "reference": "80934de3c482dcafb46b5756e59ebece082b6dc7"
            },
            "dist": {
                "type": "zip",
                "url": "https://api.github.com/repos/ircmaxell/SecurityLib/zipball/80934de3c482dcafb46b5756e59ebece082b6dc7",
                "reference": "80934de3c482dcafb46b5756e59ebece082b6dc7",
                "shasum": ""
            },
            "require": {
                "php": ">=5.3.2"
            },
            "require-dev": {
                "mikey179/vfsstream": "1.1.*"
            },
            "type": "library",
            "autoload": {
                "psr-0": {
                    "SecurityLib": "lib"
                }
            },
            "notification-url": "https://packagist.org/downloads/",
            "license": [
                "MIT"
            ],
            "authors": [
                {
                    "name": "Anthony Ferrara",
                    "email": "ircmaxell@ircmaxell.com",
                    "homepage": "http://blog.ircmaxell.com"
                }
            ],
            "description": "A Base Security Library",
            "homepage": "https://github.com/ircmaxell/PHP-SecurityLib",
            "time": "2013-04-30 18:00:34"
        },
        {
            "name": "raveren/kint",
            "version": "1.0.10",
            "source": {
                "type": "git",
                "url": "https://github.com/raveren/kint.git",
                "reference": "c8423b9928bd35bf6ad14c688ab9c6d17d97d0eb"
            },
            "dist": {
                "type": "zip",
                "url": "https://api.github.com/repos/raveren/kint/zipball/c8423b9928bd35bf6ad14c688ab9c6d17d97d0eb",
                "reference": "c8423b9928bd35bf6ad14c688ab9c6d17d97d0eb",
                "shasum": ""
            },
            "require": {
                "php": ">=5.1.0"
            },
            "type": "library",
            "extra": {
                "branch-alias": {
                    "dev-master": "1.0.x-dev"
                }
            },
            "autoload": {
                "files": [
                    "Kint.class.php"
                ]
            },
            "notification-url": "https://packagist.org/downloads/",
            "license": [
                "MIT"
            ],
            "authors": [
                {
                    "name": "Rokas Šleinius",
                    "homepage": "https://github.com/raveren"
                },
                {
                    "name": "Contributors",
                    "homepage": "https://github.com/raveren/kint/contributors"
                }
            ],
            "description": "Kint - debugging helper for PHP developers",
            "homepage": "https://github.com/raveren/kint",
            "keywords": [
                "debug",
                "kint",
                "php"
            ],
            "time": "2015-09-16 14:09:00"
        },
        {
            "name": "smottt/wideimage",
            "version": "1.1.1",
            "source": {
                "type": "git",
                "url": "https://github.com/smottt/WideImage.git",
                "reference": "6cbdaa6eb186c4a618b2ef5a7f38fcb50f0f2b1b"
            },
            "dist": {
                "type": "zip",
                "url": "https://api.github.com/repos/smottt/WideImage/zipball/6cbdaa6eb186c4a618b2ef5a7f38fcb50f0f2b1b",
                "reference": "6cbdaa6eb186c4a618b2ef5a7f38fcb50f0f2b1b",
                "shasum": ""
            },
            "require": {
                "php": ">=5.3"
            },
            "type": "library",
            "autoload": {
                "psr-0": {
                    "WideImage": "lib/"
                }
            },
            "notification-url": "https://packagist.org/downloads/",
            "license": [
                "GPL-2.0",
                "LGPL-2.1"
            ],
            "description": "An open-source PHP library for image manipulation. (With namespaces, PHP 5.3+)",
            "homepage": "http://wideimage.sourceforge.net",
            "time": "2015-10-05 20:32:34"
        },
        {
            "name": "symfony/yaml",
            "version": "v2.4.10",
            "target-dir": "Symfony/Component/Yaml",
            "source": {
                "type": "git",
                "url": "https://github.com/symfony/Yaml.git",
                "reference": "297fd84aa9377e54268e9ff74cb81377350e230f"
            },
            "dist": {
                "type": "zip",
                "url": "https://api.github.com/repos/symfony/Yaml/zipball/297fd84aa9377e54268e9ff74cb81377350e230f",
                "reference": "297fd84aa9377e54268e9ff74cb81377350e230f",
                "shasum": ""
            },
            "require": {
                "php": ">=5.3.3"
            },
            "type": "library",
            "extra": {
                "branch-alias": {
                    "dev-master": "2.4-dev"
                }
            },
            "autoload": {
                "psr-0": {
                    "Symfony\\Component\\Yaml\\": ""
                }
            },
            "notification-url": "https://packagist.org/downloads/",
            "license": [
                "MIT"
            ],
            "authors": [
                {
                    "name": "Symfony Community",
                    "homepage": "http://symfony.com/contributors"
                },
                {
                    "name": "Fabien Potencier",
                    "email": "fabien@symfony.com"
                }
            ],
            "description": "Symfony Yaml Component",
            "homepage": "http://symfony.com",
            "time": "2014-09-22 08:51:05"
        },
        {
            "name": "xoops/xmf",
            "version": "v1.0.1",
            "source": {
                "type": "git",
                "url": "https://github.com/XOOPS/xmf.git",
                "reference": "cbad09bfb597a22586be1957c7f09a43e35f6490"
            },
            "dist": {
                "type": "zip",
                "url": "https://api.github.com/repos/XOOPS/xmf/zipball/cbad09bfb597a22586be1957c7f09a43e35f6490",
                "reference": "cbad09bfb597a22586be1957c7f09a43e35f6490",
                "shasum": ""
            },
            "require": {
                "firebase/php-jwt": "^3.0.0",
                "ircmaxell/random-lib": "^1.1.0",
                "php": ">=5.3.7",
                "raveren/kint": "1.0.10",
                "symfony/yaml": "2.4.*"
            },
            "type": "project",
            "autoload": {
                "psr-4": {
                    "Xmf\\": "src/Xmf"
                }
            },
            "notification-url": "https://packagist.org/downloads/",
            "license": [
                "GPL-2.0+"
            ],
            "description": "XMF - XOOPS Module Framework",
            "time": "2016-03-30 16:13:01"
        }
    ],
    "packages-dev": [],
    "aliases": [],
    "minimum-stability": "stable",
    "stability-flags": [],
    "prefer-stable": false,
    "prefer-lowest": false,
    "platform": {
        "php": ">=5.3.7"
    },
    "platform-dev": []
}
