{
    "_readme": [
        "This file locks the dependencies of your project to a known state",
        "Read more about it at https://getcomposer.org/doc/01-basic-usage.md#installing-dependencies",
        "This file is @generated automatically"
    ],
    "content-hash": "8a0cba99208fae67e4c6dcb6f3c00f24",
    "packages": [
        {
            "name": "boenrobot/money_format_polyfill",
            "version": "1.0.2",
            "source": {
                "type": "git",
                "url": "https://github.com/boenrobot/money_format_polyfill.git",
                "reference": "918ce589839b3a5236191e6581f8438077f7587d"
            },
            "dist": {
                "type": "zip",
                "url": "https://api.github.com/repos/boenrobot/money_format_polyfill/zipball/918ce589839b3a5236191e6581f8438077f7587d",
                "reference": "918ce589839b3a5236191e6581f8438077f7587d",
                "shasum": ""
            },
            "require-dev": {
                "squizlabs/php_codesniffer": "@stable"
            },
            "suggest": {
                "boenrobot/composer-install-library-of-functions": "To remove the polyfill from the autoloader if not needed."
            },
            "type": "library",
            "extra": {
                "functionmap": {
                    "autoload": {
                        "money_format": "src/money_format.php"
                    }
                }
            },
            "autoload": {
                "files": [
                    "src/money_format.php"
                ]
            },
            "notification-url": "https://packagist.org/downloads/",
            "license": [
                "MIT"
            ],
            "authors": [
                {
                    "name": "Vasil Rangelov",
                    "email": "boen.robot@gmail.com"
                }
            ],
            "description": "A polyfill for PHP's money_format() function, intended for Windows. Source from Rafael M. Salvioni (in the comments for money_format()).",
            "support": {
                "issues": "https://github.com/boenrobot/money_format_polyfill/issues",
                "source": "https://github.com/boenrobot/money_format_polyfill/tree/1.0.2"
            },
            "time": "2022-09-07T11:23:36+00:00"
        },
        {
            "name": "firebase/php-jwt",
            "version": "v6.0.0",
            "source": {
                "type": "git",
                "url": "https://github.com/firebase/php-jwt.git",
                "reference": "0541cba75ab108ef901985e68055a92646c73534"
            },
            "dist": {
                "type": "zip",
                "url": "https://api.github.com/repos/firebase/php-jwt/zipball/0541cba75ab108ef901985e68055a92646c73534",
                "reference": "0541cba75ab108ef901985e68055a92646c73534",
                "shasum": ""
            },
            "require": {
                "php": ">=5.3.0"
            },
            "require-dev": {
                "phpunit/phpunit": ">=4.8 <=9"
            },
            "suggest": {
                "paragonie/sodium_compat": "Support EdDSA (Ed25519) signatures when libsodium is not present"
            },
            "type": "library",
            "autoload": {
                "psr-4": {
                    "Firebase\\JWT\\": "src"
                }
            },
            "notification-url": "https://packagist.org/downloads/",
            "license": [
                "BSD-3-Clause"
            ],
            "authors": [
                {
                    "name": "Neuman Vong",
                    "email": "neuman+pear@twilio.com",
                    "role": "Developer"
                },
                {
                    "name": "Anant Narayanan",
                    "email": "anant@php.net",
                    "role": "Developer"
                }
            ],
            "description": "A simple library to encode and decode JSON Web Tokens (JWT) in PHP. Should conform to the current spec.",
            "homepage": "https://github.com/firebase/php-jwt",
            "keywords": [
                "jwt",
                "php"
            ],
            "support": {
                "issues": "https://github.com/firebase/php-jwt/issues",
                "source": "https://github.com/firebase/php-jwt/tree/v6.0.0"
            },
            "time": "2022-01-24T15:18:34+00:00"
        },
        {
            "name": "geekwright/regdom",
            "version": "v1.0.9",
            "source": {
                "type": "git",
                "url": "https://github.com/geekwright/RegDom.git",
                "reference": "5948ac178650fd93d6e847893aa52fc964627683"
            },
            "dist": {
                "type": "zip",
                "url": "https://api.github.com/repos/geekwright/RegDom/zipball/5948ac178650fd93d6e847893aa52fc964627683",
                "reference": "5948ac178650fd93d6e847893aa52fc964627683",
                "shasum": ""
            },
            "require": {
                "php": ">=5.3.9",
                "symfony/polyfill-mbstring": "^1.3.0"
            },
            "require-dev": {
                "phpunit/phpunit": "^4.8|^5.7"
            },
            "bin": [
                "bin/reloadpsl"
            ],
            "type": "library",
            "autoload": {
                "psr-4": {
                    "Geekwright\\RegDom\\": "src/"
                }
            },
            "notification-url": "https://packagist.org/downloads/",
            "license": [
                "Apache-2.0"
            ],
            "authors": [
                {
                    "name": "Richard Griffith",
                    "email": "richard@geekwright.com"
                }
            ],
            "description": "OO adaptation of Florian Sager's regdom library for querying Mozilla Public Suffix List",
            "homepage": "https://github.com/geekwright/RegDom",
            "keywords": [
                "public",
                "regdom",
                "suffix",
                "tld"
            ],
            "support": {
                "issues": "https://github.com/geekwright/RegDom/issues",
                "source": "https://github.com/geekwright/RegDom/tree/v1.0.9"
            },
            "time": "2023-05-01T00:09:34+00:00"
        },
        {
            "name": "ircmaxell/password-compat",
            "version": "v1.0.4",
            "source": {
                "type": "git",
                "url": "https://github.com/ircmaxell/password_compat.git",
                "reference": "5c5cde8822a69545767f7c7f3058cb15ff84614c"
            },
            "dist": {
                "type": "zip",
                "url": "https://api.github.com/repos/ircmaxell/password_compat/zipball/5c5cde8822a69545767f7c7f3058cb15ff84614c",
                "reference": "5c5cde8822a69545767f7c7f3058cb15ff84614c",
                "shasum": ""
            },
            "require-dev": {
                "phpunit/phpunit": "4.*"
            },
            "type": "library",
            "autoload": {
                "files": [
                    "lib/password.php"
                ]
            },
            "notification-url": "https://packagist.org/downloads/",
            "license": [
                "MIT"
            ],
            "authors": [
                {
                    "name": "Anthony Ferrara",
                    "email": "ircmaxell@php.net",
                    "homepage": "http://blog.ircmaxell.com"
                }
            ],
            "description": "A compatibility library for the proposed simplified password hashing algorithm: https://wiki.php.net/rfc/password_hash",
            "homepage": "https://github.com/ircmaxell/password_compat",
            "keywords": [
                "hashing",
                "password"
            ],
            "support": {
                "issues": "https://github.com/ircmaxell/password_compat/issues",
                "source": "https://github.com/ircmaxell/password_compat/tree/v1.0"
            },
            "time": "2014-11-20T16:49:30+00:00"
        },
        {
            "name": "kint-php/kint",
            "version": "3.3",
            "source": {
                "type": "git",
                "url": "https://github.com/kint-php/kint.git",
                "reference": "335ac1bcaf04d87df70d8aa51e8887ba2c6d203b"
            },
            "dist": {
                "type": "zip",
                "url": "https://api.github.com/repos/kint-php/kint/zipball/335ac1bcaf04d87df70d8aa51e8887ba2c6d203b",
                "reference": "335ac1bcaf04d87df70d8aa51e8887ba2c6d203b",
                "shasum": ""
            },
            "require": {
                "php": ">=5.3.6"
            },
            "require-dev": {
                "friendsofphp/php-cs-fixer": "^2.0",
                "phpunit/phpunit": "^4.0",
                "seld/phar-utils": "^1.0",
                "symfony/finder": "^2.0 || ^3.0 || ^4.0",
                "vimeo/psalm": "^3.0"
            },
            "suggest": {
                "ext-ctype": "Simple data type tests",
                "ext-iconv": "Provides fallback detection for ambiguous legacy string encodings such as the Windows and ISO 8859 code pages",
                "ext-mbstring": "Provides string encoding detection",
                "kint-php/kint-js": "Provides a simplified dump to console.log()",
                "kint-php/kint-twig": "Provides d() and s() functions in twig templates",
                "symfony/polyfill-ctype": "Replacement for ext-ctype if missing",
                "symfony/polyfill-iconv": "Replacement for ext-iconv if missing",
                "symfony/polyfill-mbstring": "Replacement for ext-mbstring if missing"
            },
            "type": "library",
            "autoload": {
                "files": [
                    "init.php"
                ],
                "psr-4": {
                    "Kint\\": "src/"
                }
            },
            "notification-url": "https://packagist.org/downloads/",
            "license": [
                "MIT"
            ],
            "authors": [
                {
                    "name": "Jonathan Vollebregt",
                    "homepage": "https://github.com/jnvsor"
                },
                {
                    "name": "Rokas Šleinius",
                    "homepage": "https://github.com/raveren"
                },
                {
                    "name": "Contributors",
                    "homepage": "https://github.com/kint-php/kint/graphs/contributors"
                }
            ],
            "description": "Kint - debugging tool for PHP developers",
            "homepage": "https://kint-php.github.io/kint/",
            "keywords": [
                "debug",
                "kint",
                "php"
            ],
            "support": {
                "issues": "https://github.com/kint-php/kint/issues",
                "source": "https://github.com/kint-php/kint/tree/master"
            },
            "time": "2019-10-17T18:05:24+00:00"
        },
        {
            "name": "paragonie/random_compat",
            "version": "v2.0.21",
            "source": {
                "type": "git",
                "url": "https://github.com/paragonie/random_compat.git",
                "reference": "96c132c7f2f7bc3230723b66e89f8f150b29d5ae"
            },
            "dist": {
                "type": "zip",
                "url": "https://api.github.com/repos/paragonie/random_compat/zipball/96c132c7f2f7bc3230723b66e89f8f150b29d5ae",
                "reference": "96c132c7f2f7bc3230723b66e89f8f150b29d5ae",
                "shasum": ""
            },
            "require": {
                "php": ">=5.2.0"
            },
            "require-dev": {
                "phpunit/phpunit": "*"
            },
            "suggest": {
                "ext-libsodium": "Provides a modern crypto API that can be used to generate random bytes."
            },
            "type": "library",
            "autoload": {
                "files": [
                    "lib/random.php"
                ]
            },
            "notification-url": "https://packagist.org/downloads/",
            "license": [
                "MIT"
            ],
            "authors": [
                {
                    "name": "Paragon Initiative Enterprises",
                    "email": "security@paragonie.com",
                    "homepage": "https://paragonie.com"
                }
            ],
            "description": "PHP 5.x polyfill for random_bytes() and random_int() from PHP 7",
            "keywords": [
                "csprng",
                "polyfill",
                "pseudorandom",
                "random"
            ],
            "support": {
                "email": "info@paragonie.com",
                "issues": "https://github.com/paragonie/random_compat/issues",
                "source": "https://github.com/paragonie/random_compat"
            },
            "time": "2022-02-16T17:07:03+00:00"
        },
        {
            "name": "smarty/smarty",
            "version": "v3.1.48",
            "source": {
                "type": "git",
                "url": "https://github.com/smarty-php/smarty.git",
                "reference": "2fc443806cdcaee4441be4d0bb09f8fa56a17f2c"
            },
            "dist": {
                "type": "zip",
                "url": "https://api.github.com/repos/smarty-php/smarty/zipball/2fc443806cdcaee4441be4d0bb09f8fa56a17f2c",
                "reference": "2fc443806cdcaee4441be4d0bb09f8fa56a17f2c",
                "shasum": ""
            },
            "require": {
                "php": "^5.2 || ^7.0"
            },
            "require-dev": {
                "phpunit/phpunit": "^7.5 || ^6.5 || ^5.7 || ^4.8",
                "smarty/smarty-lexer": "^3.1"
            },
            "type": "library",
            "extra": {
                "branch-alias": {
                    "dev-master": "3.1.x-dev"
                }
            },
            "autoload": {
                "classmap": [
                    "libs/"
                ]
            },
            "notification-url": "https://packagist.org/downloads/",
            "license": [
                "LGPL-3.0"
            ],
            "authors": [
                {
                    "name": "Monte Ohrt",
                    "email": "monte@ohrt.com"
                },
                {
                    "name": "Uwe Tews",
                    "email": "uwe.tews@googlemail.com"
                },
                {
                    "name": "Rodney Rehm",
                    "email": "rodney.rehm@medialize.de"
                }
            ],
            "description": "Smarty - the compiling PHP template engine",
            "homepage": "http://www.smarty.net",
            "keywords": [
                "templating"
            ],
            "support": {
                "forum": "http://www.smarty.net/forums/",
                "irc": "irc://irc.freenode.org/smarty",
                "issues": "https://github.com/smarty-php/smarty/issues",
                "source": "https://github.com/smarty-php/smarty/tree/v3.1.48"
            },
            "time": "2023-03-28T19:45:54+00:00"
        },
        {
            "name": "smottt/wideimage",
            "version": "1.1.4",
            "source": {
                "type": "git",
                "url": "https://github.com/smottt/WideImage.git",
                "reference": "755d1b2b474ce9c32092aa6ac0357ebf857545f5"
            },
            "dist": {
                "type": "zip",
                "url": "https://api.github.com/repos/smottt/WideImage/zipball/755d1b2b474ce9c32092aa6ac0357ebf857545f5",
                "reference": "755d1b2b474ce9c32092aa6ac0357ebf857545f5",
                "shasum": ""
            },
            "require": {
                "php": ">=5.3"
            },
            "require-dev": {
                "phpunit/phpunit": "~4.8"
            },
            "type": "library",
            "autoload": {
                "psr-0": {
                    "WideImage": "lib/"
                }
            },
            "notification-url": "https://packagist.org/downloads/",
            "license": [
                "GPL-2.0",
                "LGPL-2.1"
            ],
            "description": "An open-source PHP library for image manipulation. (With namespaces, PHP 5.3+)",
            "homepage": "http://wideimage.sourceforge.net",
            "support": {
                "issues": "https://github.com/smottt/WideImage/issues",
                "source": "https://github.com/smottt/WideImage/tree/v1.1.4"
            },
            "time": "2021-01-09T15:26:41+00:00"
        },
        {
            "name": "symfony/polyfill-ctype",
            "version": "v1.19.0",
            "source": {
                "type": "git",
                "url": "https://github.com/symfony/polyfill-ctype.git",
                "reference": "aed596913b70fae57be53d86faa2e9ef85a2297b"
            },
            "dist": {
                "type": "zip",
                "url": "https://api.github.com/repos/symfony/polyfill-ctype/zipball/aed596913b70fae57be53d86faa2e9ef85a2297b",
                "reference": "aed596913b70fae57be53d86faa2e9ef85a2297b",
                "shasum": ""
            },
            "require": {
                "php": ">=5.3.3"
            },
            "suggest": {
                "ext-ctype": "For best performance"
            },
            "type": "library",
            "extra": {
                "branch-alias": {
                    "dev-main": "1.19-dev"
                },
                "thanks": {
                    "name": "symfony/polyfill",
                    "url": "https://github.com/symfony/polyfill"
                }
            },
            "autoload": {
                "files": [
                    "bootstrap.php"
                ],
                "psr-4": {
                    "Symfony\\Polyfill\\Ctype\\": ""
                }
            },
            "notification-url": "https://packagist.org/downloads/",
            "license": [
                "MIT"
            ],
            "authors": [
                {
                    "name": "Gert de Pagter",
                    "email": "BackEndTea@gmail.com"
                },
                {
                    "name": "Symfony Community",
                    "homepage": "https://symfony.com/contributors"
                }
            ],
            "description": "Symfony polyfill for ctype functions",
            "homepage": "https://symfony.com",
            "keywords": [
                "compatibility",
                "ctype",
                "polyfill",
                "portable"
            ],
            "support": {
                "source": "https://github.com/symfony/polyfill-ctype/tree/v1.19.0"
            },
            "funding": [
                {
                    "url": "https://symfony.com/sponsor",
                    "type": "custom"
                },
                {
                    "url": "https://github.com/fabpot",
                    "type": "github"
                },
                {
                    "url": "https://tidelift.com/funding/github/packagist/symfony/symfony",
                    "type": "tidelift"
                }
            ],
            "time": "2020-10-23T09:01:57+00:00"
        },
        {
            "name": "symfony/polyfill-iconv",
            "version": "v1.19.0",
            "source": {
                "type": "git",
                "url": "https://github.com/symfony/polyfill-iconv.git",
                "reference": "085241787d52fa6f7a774fd034135fef0cfd5496"
            },
            "dist": {
                "type": "zip",
                "url": "https://api.github.com/repos/symfony/polyfill-iconv/zipball/085241787d52fa6f7a774fd034135fef0cfd5496",
                "reference": "085241787d52fa6f7a774fd034135fef0cfd5496",
                "shasum": ""
            },
            "require": {
                "php": ">=5.3.3"
            },
            "suggest": {
                "ext-iconv": "For best performance"
            },
            "type": "library",
            "extra": {
                "branch-alias": {
                    "dev-main": "1.19-dev"
                },
                "thanks": {
                    "name": "symfony/polyfill",
                    "url": "https://github.com/symfony/polyfill"
                }
            },
            "autoload": {
                "files": [
                    "bootstrap.php"
                ],
                "psr-4": {
                    "Symfony\\Polyfill\\Iconv\\": ""
                }
            },
            "notification-url": "https://packagist.org/downloads/",
            "license": [
                "MIT"
            ],
            "authors": [
                {
                    "name": "Nicolas Grekas",
                    "email": "p@tchwork.com"
                },
                {
                    "name": "Symfony Community",
                    "homepage": "https://symfony.com/contributors"
                }
            ],
            "description": "Symfony polyfill for the Iconv extension",
            "homepage": "https://symfony.com",
            "keywords": [
                "compatibility",
                "iconv",
                "polyfill",
                "portable",
                "shim"
            ],
            "support": {
                "source": "https://github.com/symfony/polyfill-iconv/tree/v1.19.0"
            },
            "funding": [
                {
                    "url": "https://symfony.com/sponsor",
                    "type": "custom"
                },
                {
                    "url": "https://github.com/fabpot",
                    "type": "github"
                },
                {
                    "url": "https://tidelift.com/funding/github/packagist/symfony/symfony",
                    "type": "tidelift"
                }
            ],
            "time": "2020-10-23T09:01:57+00:00"
        },
        {
            "name": "symfony/polyfill-mbstring",
            "version": "v1.19.0",
            "source": {
                "type": "git",
                "url": "https://github.com/symfony/polyfill-mbstring.git",
                "reference": "b5f7b932ee6fa802fc792eabd77c4c88084517ce"
            },
            "dist": {
                "type": "zip",
                "url": "https://api.github.com/repos/symfony/polyfill-mbstring/zipball/b5f7b932ee6fa802fc792eabd77c4c88084517ce",
                "reference": "b5f7b932ee6fa802fc792eabd77c4c88084517ce",
                "shasum": ""
            },
            "require": {
                "php": ">=5.3.3"
            },
            "suggest": {
                "ext-mbstring": "For best performance"
            },
            "type": "library",
            "extra": {
                "branch-alias": {
                    "dev-main": "1.19-dev"
                },
                "thanks": {
                    "name": "symfony/polyfill",
                    "url": "https://github.com/symfony/polyfill"
                }
            },
            "autoload": {
                "files": [
                    "bootstrap.php"
                ],
                "psr-4": {
                    "Symfony\\Polyfill\\Mbstring\\": ""
                }
            },
            "notification-url": "https://packagist.org/downloads/",
            "license": [
                "MIT"
            ],
            "authors": [
                {
                    "name": "Nicolas Grekas",
                    "email": "p@tchwork.com"
                },
                {
                    "name": "Symfony Community",
                    "homepage": "https://symfony.com/contributors"
                }
            ],
            "description": "Symfony polyfill for the Mbstring extension",
            "homepage": "https://symfony.com",
            "keywords": [
                "compatibility",
                "mbstring",
                "polyfill",
                "portable",
                "shim"
            ],
            "support": {
                "source": "https://github.com/symfony/polyfill-mbstring/tree/v1.19.0"
            },
            "funding": [
                {
                    "url": "https://symfony.com/sponsor",
                    "type": "custom"
                },
                {
                    "url": "https://github.com/fabpot",
                    "type": "github"
                },
                {
                    "url": "https://tidelift.com/funding/github/packagist/symfony/symfony",
                    "type": "tidelift"
                }
            ],
            "time": "2020-10-23T09:01:57+00:00"
        },
        {
            "name": "symfony/yaml",
            "version": "v2.8.52",
            "source": {
                "type": "git",
                "url": "https://github.com/symfony/yaml.git",
                "reference": "02c1859112aa779d9ab394ae4f3381911d84052b"
            },
            "dist": {
                "type": "zip",
                "url": "https://api.github.com/repos/symfony/yaml/zipball/02c1859112aa779d9ab394ae4f3381911d84052b",
                "reference": "02c1859112aa779d9ab394ae4f3381911d84052b",
                "shasum": ""
            },
            "require": {
                "php": ">=5.3.9",
                "symfony/polyfill-ctype": "~1.8"
            },
            "type": "library",
            "extra": {
                "branch-alias": {
                    "dev-master": "2.8-dev"
                }
            },
            "autoload": {
                "psr-4": {
                    "Symfony\\Component\\Yaml\\": ""
                },
                "exclude-from-classmap": [
                    "/Tests/"
                ]
            },
            "notification-url": "https://packagist.org/downloads/",
            "license": [
                "MIT"
            ],
            "authors": [
                {
                    "name": "Fabien Potencier",
                    "email": "fabien@symfony.com"
                },
                {
                    "name": "Symfony Community",
                    "homepage": "https://symfony.com/contributors"
                }
            ],
            "description": "Symfony Yaml Component",
            "homepage": "https://symfony.com",
            "support": {
                "source": "https://github.com/symfony/yaml/tree/v2.8.52"
            },
            "time": "2018-11-11T11:18:13+00:00"
        },
        {
            "name": "webmozart/assert",
            "version": "1.9.1",
            "source": {
                "type": "git",
                "url": "https://github.com/webmozarts/assert.git",
                "reference": "bafc69caeb4d49c39fd0779086c03a3738cbb389"
            },
            "dist": {
                "type": "zip",
                "url": "https://api.github.com/repos/webmozarts/assert/zipball/bafc69caeb4d49c39fd0779086c03a3738cbb389",
                "reference": "bafc69caeb4d49c39fd0779086c03a3738cbb389",
                "shasum": ""
            },
            "require": {
                "php": "^5.3.3 || ^7.0 || ^8.0",
                "symfony/polyfill-ctype": "^1.8"
            },
            "conflict": {
                "phpstan/phpstan": "<0.12.20",
                "vimeo/psalm": "<3.9.1"
            },
            "require-dev": {
                "phpunit/phpunit": "^4.8.36 || ^7.5.13"
            },
            "type": "library",
            "autoload": {
                "psr-4": {
                    "Webmozart\\Assert\\": "src/"
                }
            },
            "notification-url": "https://packagist.org/downloads/",
            "license": [
                "MIT"
            ],
            "authors": [
                {
                    "name": "Bernhard Schussek",
                    "email": "bschussek@gmail.com"
                }
            ],
            "description": "Assertions to validate method input/output with nice error messages.",
            "keywords": [
                "assert",
                "check",
                "validate"
            ],
            "support": {
                "issues": "https://github.com/webmozarts/assert/issues",
                "source": "https://github.com/webmozarts/assert/tree/1.9.1"
            },
            "time": "2020-07-08T17:02:28+00:00"
        },
        {
            "name": "xoops/base-requires25",
            "version": "v1.1.0",
            "source": {
                "type": "git",
                "url": "https://github.com/XOOPS/base-requires25.git",
                "reference": "231706709c81e82a5b14ba6e954df2cf8a67b782"
            },
            "dist": {
                "type": "zip",
                "url": "https://api.github.com/repos/XOOPS/base-requires25/zipball/231706709c81e82a5b14ba6e954df2cf8a67b782",
                "reference": "231706709c81e82a5b14ba6e954df2cf8a67b782",
                "shasum": ""
            },
            "require": {
                "boenrobot/money_format_polyfill": "^1.0.2",
                "geekwright/regdom": "^1.0.0",
                "ircmaxell/password-compat": "^1.0.4",
                "php": ">=5.3.9",
                "smarty/smarty": "^3.1.47",
                "smottt/wideimage": "^1.1.4",
                "symfony/polyfill-iconv": "^1.10.0",
                "symfony/polyfill-mbstring": "^1.10.0",
                "xoops/xmf": "^1.2.26"
            },
            "type": "project",
            "notification-url": "https://packagist.org/downloads/",
            "license": [
                "GPL-2.0-or-later"
            ],
            "description": "Primary dependencies for XOOPS/XoopsCore25",
            "support": {
                "issues": "https://github.com/XOOPS/base-requires25/issues",
                "source": "https://github.com/XOOPS/base-requires25/tree/v1.1.0"
            },
            "time": "2022-10-07T22:26:58+00:00"
        },
        {
            "name": "xoops/xmf",
            "version": "v1.2.27",
            "source": {
                "type": "git",
                "url": "https://github.com/XOOPS/xmf.git",
                "reference": "c52381bc84ca0050d93472181a006e4b0aaaa470"
            },
            "dist": {
                "type": "zip",
                "url": "https://api.github.com/repos/XOOPS/xmf/zipball/c52381bc84ca0050d93472181a006e4b0aaaa470",
                "reference": "c52381bc84ca0050d93472181a006e4b0aaaa470",
                "shasum": ""
            },
            "require": {
                "firebase/php-jwt": "6.0.0",
                "kint-php/kint": "^3.3",
                "paragonie/random_compat": "^2",
                "php": ">=5.3.9",
                "symfony/yaml": "^2.8",
                "webmozart/assert": "1.9.1"
            },
            "require-dev": {
                "phpunit/phpunit": "^7.0",
                "roave/security-advisories": "dev-master"
            },
            "type": "project",
            "autoload": {
                "psr-4": {
                    "Xmf\\": "src"
                }
            },
            "notification-url": "https://packagist.org/downloads/",
            "license": [
                "GPL-2.0-or-later"
            ],
            "description": "XMF - XOOPS Module Framework",
            "support": {
                "issues": "https://github.com/XOOPS/xmf/issues",
                "source": "https://github.com/XOOPS/xmf/tree/v1.2.27"
            },
            "time": "2023-03-19T16:02:58+00:00"
        }
    ],
    "packages-dev": [],
    "aliases": [],
    "minimum-stability": "stable",
    "stability-flags": [],
    "prefer-stable": false,
    "prefer-lowest": false,
    "platform": [],
    "platform-dev": [],
    "platform-overrides": {
        "php": "5.3.9"
    },
    "plugin-api-version": "2.2.0"
}
